
Microsoft Visual Studio Solution File, Format Version 12.00
# Visual Studio for Mac
Project("{FAE04EC0-301F-11D3-BF4B-00C04F79EFBC}") = "Assembly-CSharp", "Assembly-CSharp.csproj", "{FFA0283B-8485-BCA0-F6ED-B84B86DAEB6C}"
EndProject
Project("{FAE04EC0-301F-11D3-BF4B-00C04F79EFBC}") = "Assembly-CSharp-Editor", "Assembly-CSharp-Editor.csproj", "{33601315-5E8C-FCB2-6926-49C0B86B79A3}"
EndProject
Global
	GlobalSection(SolutionConfigurationPlatforms) = preSolution
		Debug|Any CPU = Debug|Any CPU
		Release|Any CPU = Release|Any CPU
	EndGlobalSection
	GlobalSection(ProjectConfigurationPlatforms) = postSolution
		{FFA0283B-8485-BCA0-F6ED-B84B86DAEB6C}.Debug|Any CPU.ActiveCfg = Debug|Any CPU
		{FFA0283B-8485-BCA0-F6ED-B84B86DAEB6C}.Debug|Any CPU.Build.0 = Debug|Any CPU
		{FFA0283B-8485-BCA0-F6ED-B84B86DAEB6C}.Release|Any CPU.ActiveCfg = Release|Any CPU
		{FFA0283B-8485-BCA0-F6ED-B84B86DAEB6C}.Release|Any CPU.Build.0 = Release|Any CPU
		{33601315-5E8C-FCB2-6926-49C0B86B79A3}.Debug|Any CPU.ActiveCfg = Debug|Any CPU
		{33601315-5E8C-FCB2-6926-49C0B86B79A3}.Debug|Any CPU.Build.0 = Debug|Any CPU
		{33601315-5E8C-FCB2-6926-49C0B86B79A3}.Release|Any CPU.ActiveCfg = Release|Any CPU
		{33601315-5E8C-FCB2-6926-49C0B86B79A3}.Release|Any CPU.Build.0 = Release|Any CPU
	EndGlobalSection
	GlobalSection(SolutionProperties) = preSolution
		HideSolutionNode = FALSE
	EndGlobalSection
	GlobalSection(MonoDevelopProperties) = preSolution
		StartupItem = Assembly-CSharp.csproj
	EndGlobalSection
EndGlobal
